
Microsoft Visual Studio Solution File, Format Version 12.00
# Visual Studio Version 17
VisualStudioVersion = 17.9.34902.65
MinimumVisualStudioVersion = 10.0.40219.1
Project("{FAE04EC0-301F-11D3-BF4B-00C04F79EFBC}") = "DanhengPlugin-BasePlugin", "DanhengPlugin-BasePlugin.csproj", "{98542D31-B950-4378-B841-EA0AD3966394}"
EndProject
Global
	GlobalSection(SolutionConfigurationPlatforms) = preSolution
		Debug|Any CPU = Debug|Any CPU
		Release|Any CPU = Release|Any CPU
	EndGlobalSection
	GlobalSection(ProjectConfigurationPlatforms) = postSolution
		{98542D31-B950-4378-B841-EA0AD3966394}.Debug|Any CPU.ActiveCfg = Debug|Any CPU
		{98542D31-B950-4378-B841-EA0AD3966394}.Debug|Any CPU.Build.0 = Debug|Any CPU
		{98542D31-B950-4378-B841-EA0AD3966394}.Release|Any CPU.ActiveCfg = Release|Any CPU
		{98542D31-B950-4378-B841-EA0AD3966394}.Release|Any CPU.Build.0 = Release|Any CPU
	EndGlobalSection
	GlobalSection(SolutionProperties) = preSolution
		HideSolutionNode = FALSE
	EndGlobalSection
	GlobalSection(ExtensibilityGlobals) = postSolution
		SolutionGuid = {B7EFB96B-6CA1-4D88-84CD-6A01CB614FC1}
	EndGlobalSection
EndGlobal
